
Microsoft Visual Studio Solution File, Format Version 12.00
# Visual Studio Version 17
VisualStudioVersion = 17.14.36623.8 d17.14
MinimumVisualStudioVersion = 10.0.40219.1
Project("{FAE04EC0-301F-11D3-BF4B-00C04F79EFBC}") = "SGSExpo26", "SGSExpo26\SGSExpo26.csproj", "{986C1266-C7EE-4938-B605-206E10AF71F1}"
EndProject
Global
	GlobalSection(SolutionConfigurationPlatforms) = preSolution
		Debug|Any CPU = Debug|Any CPU
		Release|Any CPU = Release|Any CPU
	EndGlobalSection
	GlobalSection(ProjectConfigurationPlatforms) = postSolution
		{986C1266-C7EE-4938-B605-206E10AF71F1}.Debug|Any CPU.ActiveCfg = Debug|Any CPU
		{986C1266-C7EE-4938-B605-206E10AF71F1}.Debug|Any CPU.Build.0 = Debug|Any CPU
		{986C1266-C7EE-4938-B605-206E10AF71F1}.Release|Any CPU.ActiveCfg = Release|Any CPU
		{986C1266-C7EE-4938-B605-206E10AF71F1}.Release|Any CPU.Build.0 = Release|Any CPU
	EndGlobalSection
	GlobalSection(SolutionProperties) = preSolution
		HideSolutionNode = FALSE
	EndGlobalSection
	GlobalSection(ExtensibilityGlobals) = postSolution
		SolutionGuid = {6D5F26B1-5409-4884-B6CC-7B806A1B8EC5}
	EndGlobalSection
EndGlobal
